
Microsoft Visual Studio Solution File, Format Version 12.00
# Visual Studio Version 17
VisualStudioVersion = 17.5.33530.505
MinimumVisualStudioVersion = 10.0.40219.1
Project("{FAE04EC0-301F-11D3-BF4B-00C04F79EFBC}") = "Lab sheet 02 -Qusetion 05", "Lab sheet 02 -Qusetion 05\Lab sheet 02 -Qusetion 05.csproj", "{0D9F7657-2FF0-4DCD-A960-DF3599062222}"
EndProject
Global
	GlobalSection(SolutionConfigurationPlatforms) = preSolution
		Debug|Any CPU = Debug|Any CPU
		Release|Any CPU = Release|Any CPU
	EndGlobalSection
	GlobalSection(ProjectConfigurationPlatforms) = postSolution
		{0D9F7657-2FF0-4DCD-A960-DF3599062222}.Debug|Any CPU.ActiveCfg = Debug|Any CPU
		{0D9F7657-2FF0-4DCD-A960-DF3599062222}.Debug|Any CPU.Build.0 = Debug|Any CPU
		{0D9F7657-2FF0-4DCD-A960-DF3599062222}.Release|Any CPU.ActiveCfg = Release|Any CPU
		{0D9F7657-2FF0-4DCD-A960-DF3599062222}.Release|Any CPU.Build.0 = Release|Any CPU
	EndGlobalSection
	GlobalSection(SolutionProperties) = preSolution
		HideSolutionNode = FALSE
	EndGlobalSection
	GlobalSection(ExtensibilityGlobals) = postSolution
		SolutionGuid = {FD5C381E-B289-4B80-9592-31100ACCA0EB}
	EndGlobalSection
EndGlobal
