
Microsoft Visual Studio Solution File, Format Version 12.00
# Visual Studio Version 17
VisualStudioVersion = 17.5.33530.505
MinimumVisualStudioVersion = 10.0.40219.1
Project("{FAE04EC0-301F-11D3-BF4B-00C04F79EFBC}") = "Lab Sheet 04 - Question 01 part 03", "Lab Sheet 04 - Question 01 part 03\Lab Sheet 04 - Question 01 part 03.csproj", "{603F4F65-BDDD-4AFC-9AB9-76D8B4251AB9}"
EndProject
Global
	GlobalSection(SolutionConfigurationPlatforms) = preSolution
		Debug|Any CPU = Debug|Any CPU
		Release|Any CPU = Release|Any CPU
	EndGlobalSection
	GlobalSection(ProjectConfigurationPlatforms) = postSolution
		{603F4F65-BDDD-4AFC-9AB9-76D8B4251AB9}.Debug|Any CPU.ActiveCfg = Debug|Any CPU
		{603F4F65-BDDD-4AFC-9AB9-76D8B4251AB9}.Debug|Any CPU.Build.0 = Debug|Any CPU
		{603F4F65-BDDD-4AFC-9AB9-76D8B4251AB9}.Release|Any CPU.ActiveCfg = Release|Any CPU
		{603F4F65-BDDD-4AFC-9AB9-76D8B4251AB9}.Release|Any CPU.Build.0 = Release|Any CPU
	EndGlobalSection
	GlobalSection(SolutionProperties) = preSolution
		HideSolutionNode = FALSE
	EndGlobalSection
	GlobalSection(ExtensibilityGlobals) = postSolution
		SolutionGuid = {C4A43B55-C562-462A-A427-9A64FD877322}
	EndGlobalSection
EndGlobal
