
Microsoft Visual Studio Solution File, Format Version 12.00
# Visual Studio Version 17
VisualStudioVersion = 17.5.33530.505
MinimumVisualStudioVersion = 10.0.40219.1
Project("{FAE04EC0-301F-11D3-BF4B-00C04F79EFBC}") = "Lab sheet 01 - Question 04", "Lab sheet 01 - Question 04\Lab sheet 01 - Question 04.csproj", "{665BC48B-4771-47F0-A0E1-B60791003869}"
EndProject
Global
	GlobalSection(SolutionConfigurationPlatforms) = preSolution
		Debug|Any CPU = Debug|Any CPU
		Release|Any CPU = Release|Any CPU
	EndGlobalSection
	GlobalSection(ProjectConfigurationPlatforms) = postSolution
		{665BC48B-4771-47F0-A0E1-B60791003869}.Debug|Any CPU.ActiveCfg = Debug|Any CPU
		{665BC48B-4771-47F0-A0E1-B60791003869}.Debug|Any CPU.Build.0 = Debug|Any CPU
		{665BC48B-4771-47F0-A0E1-B60791003869}.Release|Any CPU.ActiveCfg = Release|Any CPU
		{665BC48B-4771-47F0-A0E1-B60791003869}.Release|Any CPU.Build.0 = Release|Any CPU
	EndGlobalSection
	GlobalSection(SolutionProperties) = preSolution
		HideSolutionNode = FALSE
	EndGlobalSection
	GlobalSection(ExtensibilityGlobals) = postSolution
		SolutionGuid = {E13306DB-38DA-4A54-A5EE-20BF0ECCD2FD}
	EndGlobalSection
EndGlobal
