
Microsoft Visual Studio Solution File, Format Version 12.00
# Visual Studio Version 17
VisualStudioVersion = 17.5.33530.505
MinimumVisualStudioVersion = 10.0.40219.1
Project("{FAE04EC0-301F-11D3-BF4B-00C04F79EFBC}") = "Lab Sheet 04 - Question 01", "Lab Sheet 04 - Question 01\Lab Sheet 04 - Question 01.csproj", "{4CC04BEE-3891-4211-BC1C-5A90A70C0353}"
EndProject
Global
	GlobalSection(SolutionConfigurationPlatforms) = preSolution
		Debug|Any CPU = Debug|Any CPU
		Release|Any CPU = Release|Any CPU
	EndGlobalSection
	GlobalSection(ProjectConfigurationPlatforms) = postSolution
		{4CC04BEE-3891-4211-BC1C-5A90A70C0353}.Debug|Any CPU.ActiveCfg = Debug|Any CPU
		{4CC04BEE-3891-4211-BC1C-5A90A70C0353}.Debug|Any CPU.Build.0 = Debug|Any CPU
		{4CC04BEE-3891-4211-BC1C-5A90A70C0353}.Release|Any CPU.ActiveCfg = Release|Any CPU
		{4CC04BEE-3891-4211-BC1C-5A90A70C0353}.Release|Any CPU.Build.0 = Release|Any CPU
	EndGlobalSection
	GlobalSection(SolutionProperties) = preSolution
		HideSolutionNode = FALSE
	EndGlobalSection
	GlobalSection(ExtensibilityGlobals) = postSolution
		SolutionGuid = {F14075BE-CA64-4472-B53C-890487745481}
	EndGlobalSection
EndGlobal
