
Microsoft Visual Studio Solution File, Format Version 12.00
# Visual Studio Version 17
VisualStudioVersion = 17.5.33530.505
MinimumVisualStudioVersion = 10.0.40219.1
Project("{FAE04EC0-301F-11D3-BF4B-00C04F79EFBC}") = "Lab Sheet 01 -  Qusetion 02", "Lab Sheet 01 -  Qusetion 02\Lab Sheet 01 -  Qusetion 02.csproj", "{FE0BB284-8CBD-4650-9CA1-5DB1AF9C4611}"
EndProject
Global
	GlobalSection(SolutionConfigurationPlatforms) = preSolution
		Debug|Any CPU = Debug|Any CPU
		Release|Any CPU = Release|Any CPU
	EndGlobalSection
	GlobalSection(ProjectConfigurationPlatforms) = postSolution
		{FE0BB284-8CBD-4650-9CA1-5DB1AF9C4611}.Debug|Any CPU.ActiveCfg = Debug|Any CPU
		{FE0BB284-8CBD-4650-9CA1-5DB1AF9C4611}.Debug|Any CPU.Build.0 = Debug|Any CPU
		{FE0BB284-8CBD-4650-9CA1-5DB1AF9C4611}.Release|Any CPU.ActiveCfg = Release|Any CPU
		{FE0BB284-8CBD-4650-9CA1-5DB1AF9C4611}.Release|Any CPU.Build.0 = Release|Any CPU
	EndGlobalSection
	GlobalSection(SolutionProperties) = preSolution
		HideSolutionNode = FALSE
	EndGlobalSection
	GlobalSection(ExtensibilityGlobals) = postSolution
		SolutionGuid = {72194541-C4E6-4C6E-BC72-580A76EE0A67}
	EndGlobalSection
EndGlobal
