
Microsoft Visual Studio Solution File, Format Version 12.00
# Visual Studio Version 17
VisualStudioVersion = 17.5.33530.505
MinimumVisualStudioVersion = 10.0.40219.1
Project("{FAE04EC0-301F-11D3-BF4B-00C04F79EFBC}") = "Lab sheet 07 - Question 02", "Lab sheet 07 - Question 02\Lab sheet 07 - Question 02.csproj", "{3D0EBA94-99CE-4562-8F98-34D7D56D40A6}"
EndProject
Global
	GlobalSection(SolutionConfigurationPlatforms) = preSolution
		Debug|Any CPU = Debug|Any CPU
		Release|Any CPU = Release|Any CPU
	EndGlobalSection
	GlobalSection(ProjectConfigurationPlatforms) = postSolution
		{3D0EBA94-99CE-4562-8F98-34D7D56D40A6}.Debug|Any CPU.ActiveCfg = Debug|Any CPU
		{3D0EBA94-99CE-4562-8F98-34D7D56D40A6}.Debug|Any CPU.Build.0 = Debug|Any CPU
		{3D0EBA94-99CE-4562-8F98-34D7D56D40A6}.Release|Any CPU.ActiveCfg = Release|Any CPU
		{3D0EBA94-99CE-4562-8F98-34D7D56D40A6}.Release|Any CPU.Build.0 = Release|Any CPU
	EndGlobalSection
	GlobalSection(SolutionProperties) = preSolution
		HideSolutionNode = FALSE
	EndGlobalSection
	GlobalSection(ExtensibilityGlobals) = postSolution
		SolutionGuid = {1AFAA340-5498-4BA2-81CD-AA40F4734F4B}
	EndGlobalSection
EndGlobal
