
Microsoft Visual Studio Solution File, Format Version 12.00
# Visual Studio Version 17
VisualStudioVersion = 17.5.33530.505
MinimumVisualStudioVersion = 10.0.40219.1
Project("{FAE04EC0-301F-11D3-BF4B-00C04F79EFBC}") = "Lab sheet 05 - Question 01", "Lab sheet 05 - Question 01\Lab sheet 05 - Question 01.csproj", "{707204CD-502E-408D-ABB7-736D900F420F}"
EndProject
Global
	GlobalSection(SolutionConfigurationPlatforms) = preSolution
		Debug|Any CPU = Debug|Any CPU
		Release|Any CPU = Release|Any CPU
	EndGlobalSection
	GlobalSection(ProjectConfigurationPlatforms) = postSolution
		{707204CD-502E-408D-ABB7-736D900F420F}.Debug|Any CPU.ActiveCfg = Debug|Any CPU
		{707204CD-502E-408D-ABB7-736D900F420F}.Debug|Any CPU.Build.0 = Debug|Any CPU
		{707204CD-502E-408D-ABB7-736D900F420F}.Release|Any CPU.ActiveCfg = Release|Any CPU
		{707204CD-502E-408D-ABB7-736D900F420F}.Release|Any CPU.Build.0 = Release|Any CPU
	EndGlobalSection
	GlobalSection(SolutionProperties) = preSolution
		HideSolutionNode = FALSE
	EndGlobalSection
	GlobalSection(ExtensibilityGlobals) = postSolution
		SolutionGuid = {254C9D2F-E30A-4C80-A37E-3D0C5EE6C058}
	EndGlobalSection
EndGlobal
