
Microsoft Visual Studio Solution File, Format Version 12.00
# Visual Studio Version 17
VisualStudioVersion = 17.5.33530.505
MinimumVisualStudioVersion = 10.0.40219.1
Project("{FAE04EC0-301F-11D3-BF4B-00C04F79EFBC}") = "Lab sheet 03 - Question 03", "Lab sheet 03 - Question 03\Lab sheet 03 - Question 03.csproj", "{3ABCE938-26C9-4B7D-861A-57D710C13541}"
EndProject
Global
	GlobalSection(SolutionConfigurationPlatforms) = preSolution
		Debug|Any CPU = Debug|Any CPU
		Release|Any CPU = Release|Any CPU
	EndGlobalSection
	GlobalSection(ProjectConfigurationPlatforms) = postSolution
		{3ABCE938-26C9-4B7D-861A-57D710C13541}.Debug|Any CPU.ActiveCfg = Debug|Any CPU
		{3ABCE938-26C9-4B7D-861A-57D710C13541}.Debug|Any CPU.Build.0 = Debug|Any CPU
		{3ABCE938-26C9-4B7D-861A-57D710C13541}.Release|Any CPU.ActiveCfg = Release|Any CPU
		{3ABCE938-26C9-4B7D-861A-57D710C13541}.Release|Any CPU.Build.0 = Release|Any CPU
	EndGlobalSection
	GlobalSection(SolutionProperties) = preSolution
		HideSolutionNode = FALSE
	EndGlobalSection
	GlobalSection(ExtensibilityGlobals) = postSolution
		SolutionGuid = {131FF1FA-3866-48BD-8219-3734A0611F11}
	EndGlobalSection
EndGlobal
